
Microsoft Visual Studio Solution File, Format Version 12.00
# Visual Studio 15
VisualStudioVersion = 15.0.28307.572
MinimumVisualStudioVersion = 10.0.40219.1
Project("{9092AA53-FB77-4645-B42D-1CCCA6BD08BD}") = "8-Day-Shifts", "8-Day-Shifts.njsproj", "{F354F55D-5C14-4144-9A32-BED762816347}"
EndProject
Global
	GlobalSection(SolutionConfigurationPlatforms) = preSolution
		Debug|Any CPU = Debug|Any CPU
		Release|Any CPU = Release|Any CPU
	EndGlobalSection
	GlobalSection(ProjectConfigurationPlatforms) = postSolution
		{F354F55D-5C14-4144-9A32-BED762816347}.Debug|Any CPU.ActiveCfg = Debug|Any CPU
		{F354F55D-5C14-4144-9A32-BED762816347}.Debug|Any CPU.Build.0 = Debug|Any CPU
		{F354F55D-5C14-4144-9A32-BED762816347}.Release|Any CPU.ActiveCfg = Release|Any CPU
		{F354F55D-5C14-4144-9A32-BED762816347}.Release|Any CPU.Build.0 = Release|Any CPU
	EndGlobalSection
	GlobalSection(SolutionProperties) = preSolution
		HideSolutionNode = FALSE
	EndGlobalSection
	GlobalSection(ExtensibilityGlobals) = postSolution
		SolutionGuid = {C5CEEF60-26FF-4E1A-AE5E-E3B3CB6588DF}
	EndGlobalSection
EndGlobal
